# This file is automatically @generated by Cargo.
# It is not intended for manual editing.
version = 3

[[package]]
name = "garnish_lang_compiler"
version = "0.0.13-alpha"
source = "registry+https://github.com/rust-lang/crates.io-index"
checksum = "969c4cfdbc551c34969db629231bcdca57382ce7aa2cca290d15fcdaa2ad5caa"
dependencies = [
 "garnish_lang_traits",
 "log",
]

[[package]]
name = "garnish_lang_traits"
version = "0.0.13-alpha"
source = "registry+https://github.com/rust-lang/crates.io-index"
checksum = "6d73da52cf57656808ccae932fc68dfdb8ac760aef0f7aa589b2506a505d0758"

[[package]]
name = "garnish_phrases"
version = "0.0.2"
dependencies = [
 "garnish_lang_compiler",
 "garnish_lang_traits",
]

[[package]]
name = "log"
version = "0.4.22"
source = "registry+https://github.com/rust-lang/crates.io-index"
checksum = "a7a70ba024b9dc04c27ea2f0c0548feb474ec5c54bba33a7f72f873a39d07b24"
