# This file is automatically @generated by Cargo.
# It is not intended for manual editing.
version = 3

[[package]]
name = "garnish-phrases"
version = "0.1.0"
dependencies = [
 "garnish_lang_compiler",
 "garnish_lang_traits",
]

[[package]]
name = "garnish_lang_compiler"
version = "0.0.11-alpha"
source = "registry+https://github.com/rust-lang/crates.io-index"
checksum = "74b97a3e076a6317360139ff39eaf30c7d6084d883847e6410037d27b1a578c4"
dependencies = [
 "garnish_lang_traits",
 "log",
]

[[package]]
name = "garnish_lang_traits"
version = "0.0.11-alpha"
source = "registry+https://github.com/rust-lang/crates.io-index"
checksum = "47096228ccb49da89bca76cdb70652b58ab3bfe9038770fa933a0cbc3edfcccc"

[[package]]
name = "log"
version = "0.4.22"
source = "registry+https://github.com/rust-lang/crates.io-index"
checksum = "a7a70ba024b9dc04c27ea2f0c0548feb474ec5c54bba33a7f72f873a39d07b24"
