# This file is automatically @generated by Cargo.
# It is not intended for manual editing.
version = 3

[[package]]
name = "garnish-phrases"
version = "0.1.0"
dependencies = [
 "garnish_lang_compiler",
 "garnish_lang_traits",
]

[[package]]
name = "garnish_lang_compiler"
version = "0.0.12-alpha"
source = "registry+https://github.com/rust-lang/crates.io-index"
checksum = "b1522538dfb8012c5f02d8d2e6ba09268afd5618d094f7255cce8d274f1e3c4e"
dependencies = [
 "garnish_lang_traits",
 "log",
]

[[package]]
name = "garnish_lang_traits"
version = "0.0.12-alpha"
source = "registry+https://github.com/rust-lang/crates.io-index"
checksum = "0c0d67992656114a1017deba63d308105fddc970ab2646f66405288f65696ef8"

[[package]]
name = "log"
version = "0.4.22"
source = "registry+https://github.com/rust-lang/crates.io-index"
checksum = "a7a70ba024b9dc04c27ea2f0c0548feb474ec5c54bba33a7f72f873a39d07b24"
